// !$*UTF8*$!
{
	archiveVersion = 1;
	classes = {
	};
	objectVersion = 46;
	objects = {

/* Begin PBXBuildFile section */
		08D91CEAF4383103EFBB163D /* libPods.a in Frameworks */ = {isa = PBXBuildFile; fileRef = BA7F74CCF5FBE64F7BB0639D /* libPods.a */; };
		0E26B5D11A0B144200647FEB /* main.m in Sources */ = {isa = PBXBuildFile; fileRef = 0E26B5D01A0B144200647FEB /* main.m */; };
		0E26B5D41A0B144200647FEB /* AppDelegate.m in Sources */ = {isa = PBXBuildFile; fileRef = 0E26B5D31A0B144200647FEB /* AppDelegate.m */; };
		0E26B5D71A0B144200647FEB /* ViewController.m in Sources */ = {isa = PBXBuildFile; fileRef = 0E26B5D61A0B144200647FEB /* ViewController.m */; };
		0E26B5DA1A0B144200647FEB /* Main.storyboard in Resources */ = {isa = PBXBuildFile; fileRef = 0E26B5D81A0B144200647FEB /* Main.storyboard */; };
		0E26B5DC1A0B144200647FEB /* Images.xcassets in Resources */ = {isa = PBXBuildFile; fileRef = 0E26B5DB1A0B144200647FEB /* Images.xcassets */; };
		0E26B5DF1A0B144200647FEB /* LaunchScreen.xib in Resources */ = {isa = PBXBuildFile; fileRef = 0E26B5DD1A0B144200647FEB /* LaunchScreen.xib */; };
/* End PBXBuildFile section */

/* Begin PBXFileReference section */
		0E26B5CB1A0B144200647FEB /* TestDateMonthPicker.app */ = {isa = PBXFileReference; explicitFileType = wrapper.application; includeInIndex = 0; path = TestDateMonthPicker.app; sourceTree = BUILT_PRODUCTS_DIR; };
		0E26B5CF1A0B144200647FEB /* Info.plist */ = {isa = PBXFileReference; lastKnownFileType = text.plist.xml; path = Info.plist; sourceTree = "<group>"; };
		0E26B5D01A0B144200647FEB /* main.m */ = {isa = PBXFileReference; lastKnownFileType = sourcecode.c.objc; path = main.m; sourceTree = "<group>"; };
		0E26B5D21A0B144200647FEB /* AppDelegate.h */ = {isa = PBXFileReference; lastKnownFileType = sourcecode.c.h; path = AppDelegate.h; sourceTree = "<group>"; };
		0E26B5D31A0B144200647FEB /* AppDelegate.m */ = {isa = PBXFileReference; lastKnownFileType = sourcecode.c.objc; path = AppDelegate.m; sourceTree = "<group>"; };
		0E26B5D51A0B144200647FEB /* ViewController.h */ = {isa = PBXFileReference; lastKnownFileType = sourcecode.c.h; path = ViewController.h; sourceTree = "<group>"; };
		0E26B5D61A0B144200647FEB /* ViewController.m */ = {isa = PBXFileReference; lastKnownFileType = sourcecode.c.objc; path = ViewController.m; sourceTree = "<group>"; };
		0E26B5D91A0B144200647FEB /* Base */ = {isa = PBXFileReference; lastKnownFileType = file.storyboard; name = Base; path = Base.lproj/Main.storyboard; sourceTree = "<group>"; };
		0E26B5DB1A0B144200647FEB /* Images.xcassets */ = {isa = PBXFileReference; lastKnownFileType = folder.assetcatalog; path = Images.xcassets; sourceTree = "<group>"; };
		0E26B5DE1A0B144200647FEB /* Base */ = {isa = PBXFileReference; lastKnownFileType = file.xib; name = Base; path = Base.lproj/LaunchScreen.xib; sourceTree = "<group>"; };
		8F3315BC1CA8CC4CEA99C297 /* Pods.debug.xcconfig */ = {isa = PBXFileReference; includeInIndex = 1; lastKnownFileType = text.xcconfig; name = Pods.debug.xcconfig; path = "Pods/Target Support Files/Pods/Pods.debug.xcconfig"; sourceTree = "<group>"; };
		BA7F74CCF5FBE64F7BB0639D /* libPods.a */ = {isa = PBXFileReference; explicitFileType = archive.ar; includeInIndex = 0; path = libPods.a; sourceTree = BUILT_PRODUCTS_DIR; };
		F8CF3664C0B1E4F7B62C9327 /* Pods.release.xcconfig */ = {isa = PBXFileReference; includeInIndex = 1; lastKnownFileType = text.xcconfig; name = Pods.release.xcconfig; path = "Pods/Target Support Files/Pods/Pods.release.xcconfig"; sourceTree = "<group>"; };
/* End PBXFileReference section */

/* Begin PBXFrameworksBuildPhase section */
		0E26B5C81A0B144200647FEB /* Frameworks */ = {
			isa = PBXFrameworksBuildPhase;
			buildActionMask = 2147483647;
			files = (
				08D91CEAF4383103EFBB163D /* libPods.a in Frameworks */,
			);
			runOnlyForDeploymentPostprocessing = 0;
		};
/* End PBXFrameworksBuildPhase section */

/* Begin PBXGroup section */
		0E26B5C21A0B144200647FEB = {
			isa = PBXGroup;
			children = (
				0E26B5CD1A0B144200647FEB /* TestDateMonthPicker */,
				0E26B5CC1A0B144200647FEB /* Products */,
				3C5A1DCB31C9623236DEBBDC /* Pods */,
				19C7482C2169AAFC7EA30DCE /* Frameworks */,
			);
			sourceTree = "<group>";
		};
		0E26B5CC1A0B144200647FEB /* Products */ = {
			isa = PBXGroup;
			children = (
				0E26B5CB1A0B144200647FEB /* TestDateMonthPicker.app */,
			);
			name = Products;
			sourceTree = "<group>";
		};
		0E26B5CD1A0B144200647FEB /* TestDateMonthPicker */ = {
			isa = PBXGroup;
			children = (
				0E26B5D21A0B144200647FEB /* AppDelegate.h */,
				0E26B5D31A0B144200647FEB /* AppDelegate.m */,
				0E26B5D51A0B144200647FEB /* ViewController.h */,
				0E26B5D61A0B144200647FEB /* ViewController.m */,
				0E26B5D81A0B144200647FEB /* Main.storyboard */,
				0E26B5DB1A0B144200647FEB /* Images.xcassets */,
				0E26B5DD1A0B144200647FEB /* LaunchScreen.xib */,
				0E26B5CE1A0B144200647FEB /* Supporting Files */,
			);
			path = TestDateMonthPicker;
			sourceTree = "<group>";
		};
		0E26B5CE1A0B144200647FEB /* Supporting Files */ = {
			isa = PBXGroup;
			children = (
				0E26B5CF1A0B144200647FEB /* Info.plist */,
				0E26B5D01A0B144200647FEB /* main.m */,
			);
			name = "Supporting Files";
			sourceTree = "<group>";
		};
		19C7482C2169AAFC7EA30DCE /* Frameworks */ = {
			isa = PBXGroup;
			children = (
				BA7F74CCF5FBE64F7BB0639D /* libPods.a */,
			);
			name = Frameworks;
			sourceTree = "<group>";
		};
		3C5A1DCB31C9623236DEBBDC /* Pods */ = {
			isa = PBXGroup;
			children = (
				8F3315BC1CA8CC4CEA99C297 /* Pods.debug.xcconfig */,
				F8CF3664C0B1E4F7B62C9327 /* Pods.release.xcconfig */,
			);
			name = Pods;
			sourceTree = "<group>";
		};
/* End PBXGroup section */

/* Begin PBXNativeTarget section */
		0E26B5CA1A0B144200647FEB /* TestDateMonthPicker */ = {
			isa = PBXNativeTarget;
			buildConfigurationList = 0E26B5EE1A0B144300647FEB /* Build configuration list for PBXNativeTarget "TestDateMonthPicker" */;
			buildPhases = (
				2EC6990A765C9E7BF7704ED9 /* Check Pods Manifest.lock */,
				0E26B5C71A0B144200647FEB /* Sources */,
				0E26B5C81A0B144200647FEB /* Frameworks */,
				0E26B5C91A0B144200647FEB /* Resources */,
				5E669B048F6476AB6A7F52EE /* Copy Pods Resources */,
			);
			buildRules = (
			);
			dependencies = (
			);
			name = TestDateMonthPicker;
			productName = TestDateMonthPicker;
			productReference = 0E26B5CB1A0B144200647FEB /* TestDateMonthPicker.app */;
			productType = "com.apple.product-type.application";
		};
/* End PBXNativeTarget section */

/* Begin PBXProject section */
		0E26B5C31A0B144200647FEB /* Project object */ = {
			isa = PBXProject;
			attributes = {
				LastUpgradeCheck = 0610;
				ORGANIZATIONNAME = YourAppApp;
				TargetAttributes = {
					0E26B5CA1A0B144200647FEB = {
						CreatedOnToolsVersion = 6.1;
					};
				};
			};
			buildConfigurationList = 0E26B5C61A0B144200647FEB /* Build configuration list for PBXProject "TestDateMonthPicker" */;
			compatibilityVersion = "Xcode 3.2";
			developmentRegion = English;
			hasScannedForEncodings = 0;
			knownRegions = (
				en,
				Base,
			);
			mainGroup = 0E26B5C21A0B144200647FEB;
			productRefGroup = 0E26B5CC1A0B144200647FEB /* Products */;
			projectDirPath = "";
			projectRoot = "";
			targets = (
				0E26B5CA1A0B144200647FEB /* TestDateMonthPicker */,
			);
		};
/* End PBXProject section */

/* Begin PBXResourcesBuildPhase section */
		0E26B5C91A0B144200647FEB /* Resources */ = {
			isa = PBXResourcesBuildPhase;
			buildActionMask = 2147483647;
			files = (
				0E26B5DA1A0B144200647FEB /* Main.storyboard in Resources */,
				0E26B5DF1A0B144200647FEB /* LaunchScreen.xib in Resources */,
				0E26B5DC1A0B144200647FEB /* Images.xcassets in Resources */,
			);
			runOnlyForDeploymentPostprocessing = 0;
		};
/* End PBXResourcesBuildPhase section */

/* Begin PBXShellScriptBuildPhase section */
		2EC6990A765C9E7BF7704ED9 /* Check Pods Manifest.lock */ = {
			isa = PBXShellScriptBuildPhase;
			buildActionMask = 2147483647;
			files = (
			);
			inputPaths = (
			);
			name = "Check Pods Manifest.lock";
			outputPaths = (
			);
			runOnlyForDeploymentPostprocessing = 0;
			shellPath = /bin/sh;
			shellScript = "diff \"${PODS_ROOT}/../Podfile.lock\" \"${PODS_ROOT}/Manifest.lock\" > /dev/null\nif [[ $? != 0 ]] ; then\n    cat << EOM\nerror: The sandbox is not in sync with the Podfile.lock. Run 'pod install' or update your CocoaPods installation.\nEOM\n    exit 1\nfi\n";
			showEnvVarsInLog = 0;
		};
		5E669B048F6476AB6A7F52EE /* Copy Pods Resources */ = {
			isa = PBXShellScriptBuildPhase;
			buildActionMask = 2147483647;
			files = (
			);
			inputPaths = (
			);
			name = "Copy Pods Resources";
			outputPaths = (
			);
			runOnlyForDeploymentPostprocessing = 0;
			shellPath = /bin/sh;
			shellScript = "\"${SRCROOT}/Pods/Target Support Files/Pods/Pods-resources.sh\"\n";
			showEnvVarsInLog = 0;
		};
/* End PBXShellScriptBuildPhase section */

/* Begin PBXSourcesBuildPhase section */
		0E26B5C71A0B144200647FEB /* Sources */ = {
			isa = PBXSourcesBuildPhase;
			buildActionMask = 2147483647;
			files = (
				0E26B5D71A0B144200647FEB /* ViewController.m in Sources */,
				0E26B5D41A0B144200647FEB /* AppDelegate.m in Sources */,
				0E26B5D11A0B144200647FEB /* main.m in Sources */,
			);
			runOnlyForDeploymentPostprocessing = 0;
		};
/* End PBXSourcesBuildPhase section */

/* Begin PBXVariantGroup section */
		0E26B5D81A0B144200647FEB /* Main.storyboard */ = {
			isa = PBXVariantGroup;
			children = (
				0E26B5D91A0B144200647FEB /* Base */,
			);
			name = Main.storyboard;
			sourceTree = "<group>";
		};
		0E26B5DD1A0B144200647FEB /* LaunchScreen.xib */ = {
			isa = PBXVariantGroup;
			children = (
				0E26B5DE1A0B144200647FEB /* Base */,
			);
			name = LaunchScreen.xib;
			sourceTree = "<group>";
		};
/* End PBXVariantGroup section */

/* Begin XCBuildConfiguration section */
		0E26B5EC1A0B144300647FEB /* Debug */ = {
			isa = XCBuildConfiguration;
			buildSettings = {
				ALWAYS_SEARCH_USER_PATHS = NO;
				CLANG_CXX_LANGUAGE_STANDARD = "gnu++0x";
				CLANG_CXX_LIBRARY = "libc++";
				CLANG_ENABLE_MODULES = YES;
				CLANG_ENABLE_OBJC_ARC = YES;
				CLANG_WARN_BOOL_CONVERSION = YES;
				CLANG_WARN_CONSTANT_CONVERSION = YES;
				CLANG_WARN_DIRECT_OBJC_ISA_USAGE = YES_ERROR;
				CLANG_WARN_EMPTY_BODY = YES;
				CLANG_WARN_ENUM_CONVERSION = YES;
				CLANG_WARN_INT_CONVERSION = YES;
				CLANG_WARN_OBJC_ROOT_CLASS = YES_ERROR;
				CLANG_WARN_UNREACHABLE_CODE = YES;
				CLANG_WARN__DUPLICATE_METHOD_MATCH = YES;
				"CODE_SIGN_IDENTITY[sdk=iphoneos*]" = "iPhone Developer";
				COPY_PHASE_STRIP = NO;
				ENABLE_STRICT_OBJC_MSGSEND = YES;
				GCC_C_LANGUAGE_STANDARD = gnu99;
				GCC_DYNAMIC_NO_PIC = NO;
				GCC_OPTIMIZATION_LEVEL = 0;
				GCC_PREPROCESSOR_DEFINITIONS = (
					"DEBUG=1",
					"$(inherited)",
				);
				GCC_SYMBOLS_PRIVATE_EXTERN = NO;
				GCC_WARN_64_TO_32_BIT_CONVERSION = YES;
				GCC_WARN_ABOUT_RETURN_TYPE = YES_ERROR;
				GCC_WARN_UNDECLARED_SELECTOR = YES;
				GCC_WARN_UNINITIALIZED_AUTOS = YES_AGGRESSIVE;
				GCC_WARN_UNUSED_FUNCTION = YES;
				GCC_WARN_UNUSED_VARIABLE = YES;
				IPHONEOS_DEPLOYMENT_TARGET = 8.1;
				MTL_ENABLE_DEBUG_INFO = YES;
				ONLY_ACTIVE_ARCH = YES;
				SDKROOT = iphoneos;
			};
			name = Debug;
		};
		0E26B5ED1A0B144300647FEB /* Release */ = {
			isa = XCBuildConfiguration;
			buildSettings = {
				ALWAYS_SEARCH_USER_PATHS = NO;
				CLANG_CXX_LANGUAGE_STANDARD = "gnu++0x";
				CLANG_CXX_LIBRARY = "libc++";
				CLANG_ENABLE_MODULES = YES;
				CLANG_ENABLE_OBJC_ARC = YES;
				CLANG_WARN_BOOL_CONVERSION = YES;
				CLANG_WARN_CONSTANT_CONVERSION = YES;
				CLANG_WARN_DIRECT_OBJC_ISA_USAGE = YES_ERROR;
				CLANG_WARN_EMPTY_BODY = YES;
				CLANG_WARN_ENUM_CONVERSION = YES;
				CLANG_WARN_INT_CONVERSION = YES;
				CLANG_WARN_OBJC_ROOT_CLASS = YES_ERROR;
				CLANG_WARN_UNREACHABLE_CODE = YES;
				CLANG_WARN__DUPLICATE_METHOD_MATCH = YES;
				"CODE_SIGN_IDENTITY[sdk=iphoneos*]" = "iPhone Developer";
				COPY_PHASE_STRIP = YES;
				ENABLE_NS_ASSERTIONS = NO;
				ENABLE_STRICT_OBJC_MSGSEND = YES;
				GCC_C_LANGUAGE_STANDARD = gnu99;
				GCC_WARN_64_TO_32_BIT_CONVERSION = YES;
				GCC_WARN_ABOUT_RETURN_TYPE = YES_ERROR;
				GCC_WARN_UNDECLARED_SELECTOR = YES;
				GCC_WARN_UNINITIALIZED_AUTOS = YES_AGGRESSIVE;
				GCC_WARN_UNUSED_FUNCTION = YES;
				GCC_WARN_UNUSED_VARIABLE = YES;
				IPHONEOS_DEPLOYMENT_TARGET = 8.1;
				MTL_ENABLE_DEBUG_INFO = NO;
				SDKROOT = iphoneos;
				VALIDATE_PRODUCT = YES;
			};
			name = Release;
		};
		0E26B5EF1A0B144300647FEB /* Debug */ = {
			isa = XCBuildConfiguration;
			baseConfigurationReference = 8F3315BC1CA8CC4CEA99C297 /* Pods.debug.xcconfig */;
			buildSettings = {
				ASSETCATALOG_COMPILER_APPICON_NAME = AppIcon;
				INFOPLIST_FILE = TestDateMonthPicker/Info.plist;
				LD_RUNPATH_SEARCH_PATHS = "$(inherited) @executable_path/Frameworks";
				PRODUCT_NAME = "$(TARGET_NAME)";
			};
			name = Debug;
		};
		0E26B5F01A0B144300647FEB /* Release */ = {
			isa = XCBuildConfiguration;
			baseConfigurationReference = F8CF3664C0B1E4F7B62C9327 /* Pods.release.xcconfig */;
			buildSettings = {
				ASSETCATALOG_COMPILER_APPICON_NAME = AppIcon;
				INFOPLIST_FILE = TestDateMonthPicker/Info.plist;
				LD_RUNPATH_SEARCH_PATHS = "$(inherited) @executable_path/Frameworks";
				PRODUCT_NAME = "$(TARGET_NAME)";
			};
			name = Release;
		};
/* End XCBuildConfiguration section */

/* Begin XCConfigurationList section */
		0E26B5C61A0B144200647FEB /* Build configuration list for PBXProject "TestDateMonthPicker" */ = {
			isa = XCConfigurationList;
			buildConfigurations = (
				0E26B5EC1A0B144300647FEB /* Debug */,
				0E26B5ED1A0B144300647FEB /* Release */,
			);
			defaultConfigurationIsVisible = 0;
			defaultConfigurationName = Release;
		};
		0E26B5EE1A0B144300647FEB /* Build configuration list for PBXNativeTarget "TestDateMonthPicker" */ = {
			isa = XCConfigurationList;
			buildConfigurations = (
				0E26B5EF1A0B144300647FEB /* Debug */,
				0E26B5F01A0B144300647FEB /* Release */,
			);
			defaultConfigurationIsVisible = 0;
			defaultConfigurationName = Release;
		};
/* End XCConfigurationList section */
	};
	rootObject = 0E26B5C31A0B144200647FEB /* Project object */;
}
